
Microsoft Visual Studio Solution File, Format Version 12.00
# Visual Studio 14
VisualStudioVersion = 14.0.25420.1
MinimumVisualStudioVersion = 10.0.40219.1
Project("{FAE04EC0-301F-11D3-BF4B-00C04F79EFBC}") = "EmployeeRegistrationWinRT", "EmployeeRegistrationWinRT\EmployeeRegistrationWinRT.csproj", "{AEE8DAFC-064B-45D1-8F27-7ACE180A2104}"
EndProject
Project("{FAE04EC0-301F-11D3-BF4B-00C04F79EFBC}") = "EmployeeRegistrationWinRT.TestScripts", "CodedUITestProject1\EmployeeRegistrationWinRT.TestScripts.csproj", "{4005F71D-6108-4866-B444-346252B6E07D}"
EndProject
Global
	GlobalSection(SolutionConfigurationPlatforms) = preSolution
		Debug|Any CPU = Debug|Any CPU
		Debug|ARM = Debug|ARM
		Debug|x64 = Debug|x64
		Debug|x86 = Debug|x86
		Release|Any CPU = Release|Any CPU
		Release|ARM = Release|ARM
		Release|x64 = Release|x64
		Release|x86 = Release|x86
	EndGlobalSection
	GlobalSection(ProjectConfigurationPlatforms) = postSolution
		{AEE8DAFC-064B-45D1-8F27-7ACE180A2104}.Debug|Any CPU.ActiveCfg = Debug|Any CPU
		{AEE8DAFC-064B-45D1-8F27-7ACE180A2104}.Debug|Any CPU.Build.0 = Debug|Any CPU
		{AEE8DAFC-064B-45D1-8F27-7ACE180A2104}.Debug|Any CPU.Deploy.0 = Debug|Any CPU
		{AEE8DAFC-064B-45D1-8F27-7ACE180A2104}.Debug|ARM.ActiveCfg = Debug|ARM
		{AEE8DAFC-064B-45D1-8F27-7ACE180A2104}.Debug|ARM.Build.0 = Debug|ARM
		{AEE8DAFC-064B-45D1-8F27-7ACE180A2104}.Debug|ARM.Deploy.0 = Debug|ARM
		{AEE8DAFC-064B-45D1-8F27-7ACE180A2104}.Debug|x64.ActiveCfg = Debug|x64
		{AEE8DAFC-064B-45D1-8F27-7ACE180A2104}.Debug|x64.Build.0 = Debug|x64
		{AEE8DAFC-064B-45D1-8F27-7ACE180A2104}.Debug|x64.Deploy.0 = Debug|x64
		{AEE8DAFC-064B-45D1-8F27-7ACE180A2104}.Debug|x86.ActiveCfg = Debug|x86
		{AEE8DAFC-064B-45D1-8F27-7ACE180A2104}.Debug|x86.Build.0 = Debug|x86
		{AEE8DAFC-064B-45D1-8F27-7ACE180A2104}.Debug|x86.Deploy.0 = Debug|x86
		{AEE8DAFC-064B-45D1-8F27-7ACE180A2104}.Release|Any CPU.ActiveCfg = Release|Any CPU
		{AEE8DAFC-064B-45D1-8F27-7ACE180A2104}.Release|Any CPU.Build.0 = Release|Any CPU
		{AEE8DAFC-064B-45D1-8F27-7ACE180A2104}.Release|Any CPU.Deploy.0 = Release|Any CPU
		{AEE8DAFC-064B-45D1-8F27-7ACE180A2104}.Release|ARM.ActiveCfg = Release|ARM
		{AEE8DAFC-064B-45D1-8F27-7ACE180A2104}.Release|ARM.Build.0 = Release|ARM
		{AEE8DAFC-064B-45D1-8F27-7ACE180A2104}.Release|ARM.Deploy.0 = Release|ARM
		{AEE8DAFC-064B-45D1-8F27-7ACE180A2104}.Release|x64.ActiveCfg = Release|x64
		{AEE8DAFC-064B-45D1-8F27-7ACE180A2104}.Release|x64.Build.0 = Release|x64
		{AEE8DAFC-064B-45D1-8F27-7ACE180A2104}.Release|x64.Deploy.0 = Release|x64
		{AEE8DAFC-064B-45D1-8F27-7ACE180A2104}.Release|x86.ActiveCfg = Release|x86
		{AEE8DAFC-064B-45D1-8F27-7ACE180A2104}.Release|x86.Build.0 = Release|x86
		{AEE8DAFC-064B-45D1-8F27-7ACE180A2104}.Release|x86.Deploy.0 = Release|x86
		{4005F71D-6108-4866-B444-346252B6E07D}.Debug|Any CPU.ActiveCfg = Debug|Any CPU
		{4005F71D-6108-4866-B444-346252B6E07D}.Debug|Any CPU.Build.0 = Debug|Any CPU
		{4005F71D-6108-4866-B444-346252B6E07D}.Debug|ARM.ActiveCfg = Debug|Any CPU
		{4005F71D-6108-4866-B444-346252B6E07D}.Debug|x64.ActiveCfg = Debug|Any CPU
		{4005F71D-6108-4866-B444-346252B6E07D}.Debug|x86.ActiveCfg = Debug|Any CPU
		{4005F71D-6108-4866-B444-346252B6E07D}.Release|Any CPU.ActiveCfg = Release|Any CPU
		{4005F71D-6108-4866-B444-346252B6E07D}.Release|Any CPU.Build.0 = Release|Any CPU
		{4005F71D-6108-4866-B444-346252B6E07D}.Release|ARM.ActiveCfg = Release|Any CPU
		{4005F71D-6108-4866-B444-346252B6E07D}.Release|x64.ActiveCfg = Release|Any CPU
		{4005F71D-6108-4866-B444-346252B6E07D}.Release|x86.ActiveCfg = Release|Any CPU
	EndGlobalSection
	GlobalSection(SolutionProperties) = preSolution
		HideSolutionNode = FALSE
	EndGlobalSection
EndGlobal
